
Microsoft Visual Studio Solution File, Format Version 12.00
# Visual Studio Version 17
VisualStudioVersion = 17.6.33829.357
MinimumVisualStudioVersion = 10.0.40219.1
Project("{FAE04EC0-301F-11D3-BF4B-00C04F79EFBC}") = "CoTuongBackend.API", "CoTuongBackend.API\CoTuongBackend.API.csproj", "{42762D45-A521-462F-A07A-4B978A18E53B}"
EndProject
Global
	GlobalSection(SolutionConfigurationPlatforms) = preSolution
		Debug|Any CPU = Debug|Any CPU
		Release|Any CPU = Release|Any CPU
	EndGlobalSection
	GlobalSection(ProjectConfigurationPlatforms) = postSolution
		{42762D45-A521-462F-A07A-4B978A18E53B}.Debug|Any CPU.ActiveCfg = Debug|Any CPU
		{42762D45-A521-462F-A07A-4B978A18E53B}.Debug|Any CPU.Build.0 = Debug|Any CPU
		{42762D45-A521-462F-A07A-4B978A18E53B}.Release|Any CPU.ActiveCfg = Release|Any CPU
		{42762D45-A521-462F-A07A-4B978A18E53B}.Release|Any CPU.Build.0 = Release|Any CPU
	EndGlobalSection
	GlobalSection(SolutionProperties) = preSolution
		HideSolutionNode = FALSE
	EndGlobalSection
	GlobalSection(ExtensibilityGlobals) = postSolution
		SolutionGuid = {91A10750-7B5B-4566-8F50-430A0EC97244}
	EndGlobalSection
EndGlobal
